
Microsoft Visual Studio Solution File, Format Version 12.00
# Visual Studio Version 17
VisualStudioVersion = 17.2.32602.215
MinimumVisualStudioVersion = 10.0.40219.1
Project("{FAE04EC0-301F-11D3-BF4B-00C04F79EFBC}") = "OSEN", "OSEN\OSEN.csproj", "{4488D22F-5A29-4880-8589-3457F83A6C7D}"
EndProject
Project("{2150E333-8FDC-42A3-9474-1A3956D46DE8}") = "Solution Items", "Solution Items", "{A9600C91-DE4A-4408-A6B5-B3A001649DB5}"
	ProjectSection(SolutionItems) = preProject
		SIGNIN.css = SIGNIN.css
	EndProjectSection
EndProject
Global
	GlobalSection(SolutionConfigurationPlatforms) = preSolution
		Debug|Any CPU = Debug|Any CPU
		Release|Any CPU = Release|Any CPU
	EndGlobalSection
	GlobalSection(ProjectConfigurationPlatforms) = postSolution
		{4488D22F-5A29-4880-8589-3457F83A6C7D}.Debug|Any CPU.ActiveCfg = Debug|Any CPU
		{4488D22F-5A29-4880-8589-3457F83A6C7D}.Debug|Any CPU.Build.0 = Debug|Any CPU
		{4488D22F-5A29-4880-8589-3457F83A6C7D}.Release|Any CPU.ActiveCfg = Release|Any CPU
		{4488D22F-5A29-4880-8589-3457F83A6C7D}.Release|Any CPU.Build.0 = Release|Any CPU
	EndGlobalSection
	GlobalSection(SolutionProperties) = preSolution
		HideSolutionNode = FALSE
	EndGlobalSection
	GlobalSection(ExtensibilityGlobals) = postSolution
		SolutionGuid = {0AD6E62D-C6CD-4F73-99D5-B9245F5D8E4E}
	EndGlobalSection
EndGlobal
